
Microsoft Visual Studio Solution File, Format Version 12.00
# Visual Studio Version 17
VisualStudioVersion = 17.5.33530.505
MinimumVisualStudioVersion = 10.0.40219.1
Project("{FAE04EC0-301F-11D3-BF4B-00C04F79EFBC}") = "ConsoleApp15", "ConsoleApp15\ConsoleApp15.csproj", "{618364DA-DFDC-4705-A2F9-E82A9971BC0C}"
EndProject
Global
	GlobalSection(SolutionConfigurationPlatforms) = preSolution
		Debug|Any CPU = Debug|Any CPU
		Release|Any CPU = Release|Any CPU
	EndGlobalSection
	GlobalSection(ProjectConfigurationPlatforms) = postSolution
		{618364DA-DFDC-4705-A2F9-E82A9971BC0C}.Debug|Any CPU.ActiveCfg = Debug|Any CPU
		{618364DA-DFDC-4705-A2F9-E82A9971BC0C}.Debug|Any CPU.Build.0 = Debug|Any CPU
		{618364DA-DFDC-4705-A2F9-E82A9971BC0C}.Release|Any CPU.ActiveCfg = Release|Any CPU
		{618364DA-DFDC-4705-A2F9-E82A9971BC0C}.Release|Any CPU.Build.0 = Release|Any CPU
	EndGlobalSection
	GlobalSection(SolutionProperties) = preSolution
		HideSolutionNode = FALSE
	EndGlobalSection
	GlobalSection(ExtensibilityGlobals) = postSolution
		SolutionGuid = {6A91592B-7E90-45C1-96DB-798E856115D0}
	EndGlobalSection
EndGlobal
